
Microsoft Visual Studio Solution File, Format Version 12.00
# Visual Studio Version 17
VisualStudioVersion = 17.7.34031.279
MinimumVisualStudioVersion = 10.0.40219.1
Project("{FAE04EC0-301F-11D3-BF4B-00C04F79EFBC}") = "OLprojekt", "OLprojekt\OLprojekt.csproj", "{1F4B39A4-5F05-4233-B77B-445D7A5BBC74}"
EndProject
Global
	GlobalSection(SolutionConfigurationPlatforms) = preSolution
		Debug|Any CPU = Debug|Any CPU
		Release|Any CPU = Release|Any CPU
	EndGlobalSection
	GlobalSection(ProjectConfigurationPlatforms) = postSolution
		{1F4B39A4-5F05-4233-B77B-445D7A5BBC74}.Debug|Any CPU.ActiveCfg = Debug|Any CPU
		{1F4B39A4-5F05-4233-B77B-445D7A5BBC74}.Debug|Any CPU.Build.0 = Debug|Any CPU
		{1F4B39A4-5F05-4233-B77B-445D7A5BBC74}.Release|Any CPU.ActiveCfg = Release|Any CPU
		{1F4B39A4-5F05-4233-B77B-445D7A5BBC74}.Release|Any CPU.Build.0 = Release|Any CPU
	EndGlobalSection
	GlobalSection(SolutionProperties) = preSolution
		HideSolutionNode = FALSE
	EndGlobalSection
	GlobalSection(ExtensibilityGlobals) = postSolution
		SolutionGuid = {09F3F982-84BF-4F02-B63B-9CEFD65DEDE7}
	EndGlobalSection
EndGlobal
